
Microsoft Visual Studio Solution File, Format Version 12.00
# Visual Studio 15
Project("{FAE04EC0-301F-11D3-BF4B-00C04F79EFBC}") = "RatingBarExemplo.Android", "RatingBarExemplo.Android\RatingBarExemplo.Android.csproj", "{FCA5C7C8-1A01-48B7-8848-80F7989D7837}"
EndProject
Project("{FAE04EC0-301F-11D3-BF4B-00C04F79EFBC}") = "RatingBarExemplo.iOS", "RatingBarExemplo.iOS\RatingBarExemplo.iOS.csproj", "{F0A07063-CC5D-42F9-8CC7-F598C2832B41}"
EndProject
Project("{FAE04EC0-301F-11D3-BF4B-00C04F79EFBC}") = "RatingBarExemplo", "RatingBarExemplo\RatingBarExemplo.csproj", "{B3D1C0FF-15D5-4D98-8A78-C14D89F10AF9}"
EndProject
Global
	GlobalSection(SolutionConfigurationPlatforms) = preSolution
		Debug|Any CPU = Debug|Any CPU
		Release|Any CPU = Release|Any CPU
		Debug|iPhoneSimulator = Debug|iPhoneSimulator
		Release|iPhoneSimulator = Release|iPhoneSimulator
		Debug|iPhone = Debug|iPhone
		Release|iPhone = Release|iPhone
		Ad-Hoc|iPhone = Ad-Hoc|iPhone
		AppStore|iPhone = AppStore|iPhone
	EndGlobalSection
	GlobalSection(ProjectConfigurationPlatforms) = postSolution
		{FCA5C7C8-1A01-48B7-8848-80F7989D7837}.Debug|Any CPU.ActiveCfg = Debug|Any CPU
		{FCA5C7C8-1A01-48B7-8848-80F7989D7837}.Debug|Any CPU.Build.0 = Debug|Any CPU
		{FCA5C7C8-1A01-48B7-8848-80F7989D7837}.Release|Any CPU.ActiveCfg = Release|Any CPU
		{FCA5C7C8-1A01-48B7-8848-80F7989D7837}.Release|Any CPU.Build.0 = Release|Any CPU
		{FCA5C7C8-1A01-48B7-8848-80F7989D7837}.Debug|iPhoneSimulator.ActiveCfg = Debug|Any CPU
		{FCA5C7C8-1A01-48B7-8848-80F7989D7837}.Debug|iPhoneSimulator.Build.0 = Debug|Any CPU
		{FCA5C7C8-1A01-48B7-8848-80F7989D7837}.Release|iPhoneSimulator.ActiveCfg = Release|Any CPU
		{FCA5C7C8-1A01-48B7-8848-80F7989D7837}.Release|iPhoneSimulator.Build.0 = Release|Any CPU
		{FCA5C7C8-1A01-48B7-8848-80F7989D7837}.Debug|iPhone.ActiveCfg = Debug|Any CPU
		{FCA5C7C8-1A01-48B7-8848-80F7989D7837}.Debug|iPhone.Build.0 = Debug|Any CPU
		{FCA5C7C8-1A01-48B7-8848-80F7989D7837}.Release|iPhone.ActiveCfg = Release|Any CPU
		{FCA5C7C8-1A01-48B7-8848-80F7989D7837}.Release|iPhone.Build.0 = Release|Any CPU
		{FCA5C7C8-1A01-48B7-8848-80F7989D7837}.Ad-Hoc|iPhone.ActiveCfg = Debug|Any CPU
		{FCA5C7C8-1A01-48B7-8848-80F7989D7837}.Ad-Hoc|iPhone.Build.0 = Debug|Any CPU
		{FCA5C7C8-1A01-48B7-8848-80F7989D7837}.AppStore|iPhone.ActiveCfg = Debug|Any CPU
		{FCA5C7C8-1A01-48B7-8848-80F7989D7837}.AppStore|iPhone.Build.0 = Debug|Any CPU
		{F0A07063-CC5D-42F9-8CC7-F598C2832B41}.Debug|Any CPU.ActiveCfg = Debug|iPhoneSimulator
		{F0A07063-CC5D-42F9-8CC7-F598C2832B41}.Debug|Any CPU.Build.0 = Debug|iPhoneSimulator
		{F0A07063-CC5D-42F9-8CC7-F598C2832B41}.Release|Any CPU.ActiveCfg = Release|iPhoneSimulator
		{F0A07063-CC5D-42F9-8CC7-F598C2832B41}.Release|Any CPU.Build.0 = Release|iPhoneSimulator
		{F0A07063-CC5D-42F9-8CC7-F598C2832B41}.Debug|iPhoneSimulator.ActiveCfg = Debug|iPhoneSimulator
		{F0A07063-CC5D-42F9-8CC7-F598C2832B41}.Debug|iPhoneSimulator.Build.0 = Debug|iPhoneSimulator
		{F0A07063-CC5D-42F9-8CC7-F598C2832B41}.Release|iPhoneSimulator.ActiveCfg = Release|iPhoneSimulator
		{F0A07063-CC5D-42F9-8CC7-F598C2832B41}.Release|iPhoneSimulator.Build.0 = Release|iPhoneSimulator
		{F0A07063-CC5D-42F9-8CC7-F598C2832B41}.Debug|iPhone.ActiveCfg = Debug|iPhone
		{F0A07063-CC5D-42F9-8CC7-F598C2832B41}.Debug|iPhone.Build.0 = Debug|iPhone
		{F0A07063-CC5D-42F9-8CC7-F598C2832B41}.Release|iPhone.ActiveCfg = Release|iPhone
		{F0A07063-CC5D-42F9-8CC7-F598C2832B41}.Release|iPhone.Build.0 = Release|iPhone
		{F0A07063-CC5D-42F9-8CC7-F598C2832B41}.Ad-Hoc|iPhone.ActiveCfg = Ad-Hoc|iPhone
		{F0A07063-CC5D-42F9-8CC7-F598C2832B41}.Ad-Hoc|iPhone.Build.0 = Ad-Hoc|iPhone
		{F0A07063-CC5D-42F9-8CC7-F598C2832B41}.AppStore|iPhone.ActiveCfg = AppStore|iPhone
		{F0A07063-CC5D-42F9-8CC7-F598C2832B41}.AppStore|iPhone.Build.0 = AppStore|iPhone
		{B3D1C0FF-15D5-4D98-8A78-C14D89F10AF9}.Debug|Any CPU.ActiveCfg = Debug|Any CPU
		{B3D1C0FF-15D5-4D98-8A78-C14D89F10AF9}.Debug|Any CPU.Build.0 = Debug|Any CPU
		{B3D1C0FF-15D5-4D98-8A78-C14D89F10AF9}.Release|Any CPU.ActiveCfg = Release|Any CPU
		{B3D1C0FF-15D5-4D98-8A78-C14D89F10AF9}.Release|Any CPU.Build.0 = Release|Any CPU
		{B3D1C0FF-15D5-4D98-8A78-C14D89F10AF9}.Debug|iPhoneSimulator.ActiveCfg = Debug|Any CPU
		{B3D1C0FF-15D5-4D98-8A78-C14D89F10AF9}.Debug|iPhoneSimulator.Build.0 = Debug|Any CPU
		{B3D1C0FF-15D5-4D98-8A78-C14D89F10AF9}.Release|iPhoneSimulator.ActiveCfg = Release|Any CPU
		{B3D1C0FF-15D5-4D98-8A78-C14D89F10AF9}.Release|iPhoneSimulator.Build.0 = Release|Any CPU
		{B3D1C0FF-15D5-4D98-8A78-C14D89F10AF9}.Debug|iPhone.ActiveCfg = Debug|Any CPU
		{B3D1C0FF-15D5-4D98-8A78-C14D89F10AF9}.Debug|iPhone.Build.0 = Debug|Any CPU
		{B3D1C0FF-15D5-4D98-8A78-C14D89F10AF9}.Release|iPhone.ActiveCfg = Release|Any CPU
		{B3D1C0FF-15D5-4D98-8A78-C14D89F10AF9}.Release|iPhone.Build.0 = Release|Any CPU
		{B3D1C0FF-15D5-4D98-8A78-C14D89F10AF9}.Ad-Hoc|iPhone.ActiveCfg = Debug|Any CPU
		{B3D1C0FF-15D5-4D98-8A78-C14D89F10AF9}.Ad-Hoc|iPhone.Build.0 = Debug|Any CPU
		{B3D1C0FF-15D5-4D98-8A78-C14D89F10AF9}.AppStore|iPhone.ActiveCfg = Debug|Any CPU
		{B3D1C0FF-15D5-4D98-8A78-C14D89F10AF9}.AppStore|iPhone.Build.0 = Debug|Any CPU
	EndGlobalSection
EndGlobal
